// !$*UTF8*$!
{
	archiveVersion = 1;
	classes = {
	};
	objectVersion = 50;
	objects = {

/* Begin PBXBuildFile section */
		8303E50F239AE7BA0066EEF7 /* AppDelegate.swift in Sources */ = {isa = PBXBuildFile; fileRef = 8303E50E239AE7BA0066EEF7 /* AppDelegate.swift */; };
		8303E511239AE7BA0066EEF7 /* SceneDelegate.swift in Sources */ = {isa = PBXBuildFile; fileRef = 8303E510239AE7BA0066EEF7 /* SceneDelegate.swift */; };
		8303E513239AE7BA0066EEF7 /* ContentView.swift in Sources */ = {isa = PBXBuildFile; fileRef = 8303E512239AE7BA0066EEF7 /* ContentView.swift */; };
		8303E515239AE7BC0066EEF7 /* Assets.xcassets in Resources */ = {isa = PBXBuildFile; fileRef = 8303E514239AE7BC0066EEF7 /* Assets.xcassets */; };
		8303E518239AE7BC0066EEF7 /* Preview Assets.xcassets in Resources */ = {isa = PBXBuildFile; fileRef = 8303E517239AE7BC0066EEF7 /* Preview Assets.xcassets */; };
		8303E51B239AE7BC0066EEF7 /* LaunchScreen.storyboard in Resources */ = {isa = PBXBuildFile; fileRef = 8303E519239AE7BC0066EEF7 /* LaunchScreen.storyboard */; };
/* End PBXBuildFile section */

/* Begin PBXFileReference section */
		8303E50B239AE7BA0066EEF7 /* SwiftUI Modifiers.app */ = {isa = PBXFileReference; explicitFileType = wrapper.application; includeInIndex = 0; path = "SwiftUI Modifiers.app"; sourceTree = BUILT_PRODUCTS_DIR; };
		8303E50E239AE7BA0066EEF7 /* AppDelegate.swift */ = {isa = PBXFileReference; lastKnownFileType = sourcecode.swift; path = AppDelegate.swift; sourceTree = "<group>"; };
		8303E510239AE7BA0066EEF7 /* SceneDelegate.swift */ = {isa = PBXFileReference; lastKnownFileType = sourcecode.swift; path = SceneDelegate.swift; sourceTree = "<group>"; };
		8303E512239AE7BA0066EEF7 /* ContentView.swift */ = {isa = PBXFileReference; lastKnownFileType = sourcecode.swift; path = ContentView.swift; sourceTree = "<group>"; };
		8303E514239AE7BC0066EEF7 /* Assets.xcassets */ = {isa = PBXFileReference; lastKnownFileType = folder.assetcatalog; path = Assets.xcassets; sourceTree = "<group>"; };
		8303E517239AE7BC0066EEF7 /* Preview Assets.xcassets */ = {isa = PBXFileReference; lastKnownFileType = folder.assetcatalog; path = "Preview Assets.xcassets"; sourceTree = "<group>"; };
		8303E51A239AE7BC0066EEF7 /* Base */ = {isa = PBXFileReference; lastKnownFileType = file.storyboard; name = Base; path = Base.lproj/LaunchScreen.storyboard; sourceTree = "<group>"; };
		8303E51C239AE7BC0066EEF7 /* Info.plist */ = {isa = PBXFileReference; lastKnownFileType = text.plist.xml; path = Info.plist; sourceTree = "<group>"; };
/* End PBXFileReference section */

/* Begin PBXFrameworksBuildPhase section */
		8303E508239AE7BA0066EEF7 /* Frameworks */ = {
			isa = PBXFrameworksBuildPhase;
			buildActionMask = 2147483647;
			files = (
			);
			runOnlyForDeploymentPostprocessing = 0;
		};
/* End PBXFrameworksBuildPhase section */

/* Begin PBXGroup section */
		8303E502239AE7BA0066EEF7 = {
			isa = PBXGroup;
			children = (
				8303E50D239AE7BA0066EEF7 /* SwiftUI Modifiers */,
				8303E50C239AE7BA0066EEF7 /* Products */,
			);
			sourceTree = "<group>";
		};
		8303E50C239AE7BA0066EEF7 /* Products */ = {
			isa = PBXGroup;
			children = (
				8303E50B239AE7BA0066EEF7 /* SwiftUI Modifiers.app */,
			);
			name = Products;
			sourceTree = "<group>";
		};
		8303E50D239AE7BA0066EEF7 /* SwiftUI Modifiers */ = {
			isa = PBXGroup;
			children = (
				8303E50E239AE7BA0066EEF7 /* AppDelegate.swift */,
				8303E510239AE7BA0066EEF7 /* SceneDelegate.swift */,
				8303E512239AE7BA0066EEF7 /* ContentView.swift */,
				8303E514239AE7BC0066EEF7 /* Assets.xcassets */,
				8303E519239AE7BC0066EEF7 /* LaunchScreen.storyboard */,
				8303E51C239AE7BC0066EEF7 /* Info.plist */,
				8303E516239AE7BC0066EEF7 /* Preview Content */,
			);
			path = "SwiftUI Modifiers";
			sourceTree = "<group>";
		};
		8303E516239AE7BC0066EEF7 /* Preview Content */ = {
			isa = PBXGroup;
			children = (
				8303E517239AE7BC0066EEF7 /* Preview Assets.xcassets */,
			);
			path = "Preview Content";
			sourceTree = "<group>";
		};
/* End PBXGroup section */

/* Begin PBXNativeTarget section */
		8303E50A239AE7BA0066EEF7 /* SwiftUI Modifiers */ = {
			isa = PBXNativeTarget;
			buildConfigurationList = 8303E51F239AE7BC0066EEF7 /* Build configuration list for PBXNativeTarget "SwiftUI Modifiers" */;
			buildPhases = (
				8303E507239AE7BA0066EEF7 /* Sources */,
				8303E508239AE7BA0066EEF7 /* Frameworks */,
				8303E509239AE7BA0066EEF7 /* Resources */,
			);
			buildRules = (
			);
			dependencies = (
			);
			name = "SwiftUI Modifiers";
			productName = "SwiftUI Modifiers";
			productReference = 8303E50B239AE7BA0066EEF7 /* SwiftUI Modifiers.app */;
			productType = "com.apple.product-type.application";
		};
/* End PBXNativeTarget section */

/* Begin PBXProject section */
		8303E503239AE7BA0066EEF7 /* Project object */ = {
			isa = PBXProject;
			attributes = {
				LastSwiftUpdateCheck = 1120;
				LastUpgradeCheck = 1120;
				ORGANIZATIONNAME = "Christopher Ching";
				TargetAttributes = {
					8303E50A239AE7BA0066EEF7 = {
						CreatedOnToolsVersion = 11.2.1;
					};
				};
			};
			buildConfigurationList = 8303E506239AE7BA0066EEF7 /* Build configuration list for PBXProject "SwiftUI Modifiers" */;
			compatibilityVersion = "Xcode 9.3";
			developmentRegion = en;
			hasScannedForEncodings = 0;
			knownRegions = (
				en,
				Base,
			);
			mainGroup = 8303E502239AE7BA0066EEF7;
			productRefGroup = 8303E50C239AE7BA0066EEF7 /* Products */;
			projectDirPath = "";
			projectRoot = "";
			targets = (
				8303E50A239AE7BA0066EEF7 /* SwiftUI Modifiers */,
			);
		};
/* End PBXProject section */

/* Begin PBXResourcesBuildPhase section */
		8303E509239AE7BA0066EEF7 /* Resources */ = {
			isa = PBXResourcesBuildPhase;
			buildActionMask = 2147483647;
			files = (
				8303E51B239AE7BC0066EEF7 /* LaunchScreen.storyboard in Resources */,
				8303E518239AE7BC0066EEF7 /* Preview Assets.xcassets in Resources */,
				8303E515239AE7BC0066EEF7 /* Assets.xcassets in Resources */,
			);
			runOnlyForDeploymentPostprocessing = 0;
		};
/* End PBXResourcesBuildPhase section */

/* Begin PBXSourcesBuildPhase section */
		8303E507239AE7BA0066EEF7 /* Sources */ = {
			isa = PBXSourcesBuildPhase;
			buildActionMask = 2147483647;
			files = (
				8303E50F239AE7BA0066EEF7 /* AppDelegate.swift in Sources */,
				8303E511239AE7BA0066EEF7 /* SceneDelegate.swift in Sources */,
				8303E513239AE7BA0066EEF7 /* ContentView.swift in Sources */,
			);
			runOnlyForDeploymentPostprocessing = 0;
		};
/* End PBXSourcesBuildPhase section */

/* Begin PBXVariantGroup section */
		8303E519239AE7BC0066EEF7 /* LaunchScreen.storyboard */ = {
			isa = PBXVariantGroup;
			children = (
				8303E51A239AE7BC0066EEF7 /* Base */,
			);
			name = LaunchScreen.storyboard;
			sourceTree = "<group>";
		};
/* End PBXVariantGroup section */

/* Begin XCBuildConfiguration section */
		8303E51D239AE7BC0066EEF7 /* Debug */ = {
			isa = XCBuildConfiguration;
			buildSettings = {
				ALWAYS_SEARCH_USER_PATHS = NO;
				CLANG_ANALYZER_NONNULL = YES;
				CLANG_ANALYZER_NUMBER_OBJECT_CONVERSION = YES_AGGRESSIVE;
				CLANG_CXX_LANGUAGE_STANDARD = "gnu++14";
				CLANG_CXX_LIBRARY = "libc++";
				CLANG_ENABLE_MODULES = YES;
				CLANG_ENABLE_OBJC_ARC = YES;
				CLANG_ENABLE_OBJC_WEAK = YES;
				CLANG_WARN_BLOCK_CAPTURE_AUTORELEASING = YES;
				CLANG_WARN_BOOL_CONVERSION = YES;
				CLANG_WARN_COMMA = YES;
				CLANG_WARN_CONSTANT_CONVERSION = YES;
				CLANG_WARN_DEPRECATED_OBJC_IMPLEMENTATIONS = YES;
				CLANG_WARN_DIRECT_OBJC_ISA_USAGE = YES_ERROR;
				CLANG_WARN_DOCUMENTATION_COMMENTS = YES;
				CLANG_WARN_EMPTY_BODY = YES;
				CLANG_WARN_ENUM_CONVERSION = YES;
				CLANG_WARN_INFINITE_RECURSION = YES;
				CLANG_WARN_INT_CONVERSION = YES;
				CLANG_WARN_NON_LITERAL_NULL_CONVERSION = YES;
				CLANG_WARN_OBJC_IMPLICIT_RETAIN_SELF = YES;
				CLANG_WARN_OBJC_LITERAL_CONVERSION = YES;
				CLANG_WARN_OBJC_ROOT_CLASS = YES_ERROR;
				CLANG_WARN_RANGE_LOOP_ANALYSIS = YES;
				CLANG_WARN_STRICT_PROTOTYPES = YES;
				CLANG_WARN_SUSPICIOUS_MOVE = YES;
				CLANG_WARN_UNGUARDED_AVAILABILITY = YES_AGGRESSIVE;
				CLANG_WARN_UNREACHABLE_CODE = YES;
				CLANG_WARN__DUPLICATE_METHOD_MATCH = YES;
				COPY_PHASE_STRIP = NO;
				DEBUG_INFORMATION_FORMAT = dwarf;
				ENABLE_STRICT_OBJC_MSGSEND = YES;
				ENABLE_TESTABILITY = YES;
				GCC_C_LANGUAGE_STANDARD = gnu11;
				GCC_DYNAMIC_NO_PIC = NO;
				GCC_NO_COMMON_BLOCKS = YES;
				GCC_OPTIMIZATION_LEVEL = 0;
				GCC_PREPROCESSOR_DEFINITIONS = (
					"DEBUG=1",
					"$(inherited)",
				);
				GCC_WARN_64_TO_32_BIT_CONVERSION = YES;
				GCC_WARN_ABOUT_RETURN_TYPE = YES_ERROR;
				GCC_WARN_UNDECLARED_SELECTOR = YES;
				GCC_WARN_UNINITIALIZED_AUTOS = YES_AGGRESSIVE;
				GCC_WARN_UNUSED_FUNCTION = YES;
				GCC_WARN_UNUSED_VARIABLE = YES;
				IPHONEOS_DEPLOYMENT_TARGET = 13.2;
				MTL_ENABLE_DEBUG_INFO = INCLUDE_SOURCE;
				MTL_FAST_MATH = YES;
				ONLY_ACTIVE_ARCH = YES;
				SDKROOT = iphoneos;
				SWIFT_ACTIVE_COMPILATION_CONDITIONS = DEBUG;
				SWIFT_OPTIMIZATION_LEVEL = "-Onone";
			};
			name = Debug;
		};
		8303E51E239AE7BC0066EEF7 /* Release */ = {
			isa = XCBuildConfiguration;
			buildSettings = {
				ALWAYS_SEARCH_USER_PATHS = NO;
				CLANG_ANALYZER_NONNULL = YES;
				CLANG_ANALYZER_NUMBER_OBJECT_CONVERSION = YES_AGGRESSIVE;
				CLANG_CXX_LANGUAGE_STANDARD = "gnu++14";
				CLANG_CXX_LIBRARY = "libc++";
				CLANG_ENABLE_MODULES = YES;
				CLANG_ENABLE_OBJC_ARC = YES;
				CLANG_ENABLE_OBJC_WEAK = YES;
				CLANG_WARN_BLOCK_CAPTURE_AUTORELEASING = YES;
				CLANG_WARN_BOOL_CONVERSION = YES;
				CLANG_WARN_COMMA = YES;
				CLANG_WARN_CONSTANT_CONVERSION = YES;
				CLANG_WARN_DEPRECATED_OBJC_IMPLEMENTATIONS = YES;
				CLANG_WARN_DIRECT_OBJC_ISA_USAGE = YES_ERROR;
				CLANG_WARN_DOCUMENTATION_COMMENTS = YES;
				CLANG_WARN_EMPTY_BODY = YES;
				CLANG_WARN_ENUM_CONVERSION = YES;
				CLANG_WARN_INFINITE_RECURSION = YES;
				CLANG_WARN_INT_CONVERSION = YES;
				CLANG_WARN_NON_LITERAL_NULL_CONVERSION = YES;
				CLANG_WARN_OBJC_IMPLICIT_RETAIN_SELF = YES;
				CLANG_WARN_OBJC_LITERAL_CONVERSION = YES;
				CLANG_WARN_OBJC_ROOT_CLASS = YES_ERROR;
				CLANG_WARN_RANGE_LOOP_ANALYSIS = YES;
				CLANG_WARN_STRICT_PROTOTYPES = YES;
				CLANG_WARN_SUSPICIOUS_MOVE = YES;
				CLANG_WARN_UNGUARDED_AVAILABILITY = YES_AGGRESSIVE;
				CLANG_WARN_UNREACHABLE_CODE = YES;
				CLANG_WARN__DUPLICATE_METHOD_MATCH = YES;
				COPY_PHASE_STRIP = NO;
				DEBUG_INFORMATION_FORMAT = "dwarf-with-dsym";
				ENABLE_NS_ASSERTIONS = NO;
				ENABLE_STRICT_OBJC_MSGSEND = YES;
				GCC_C_LANGUAGE_STANDARD = gnu11;
				GCC_NO_COMMON_BLOCKS = YES;
				GCC_WARN_64_TO_32_BIT_CONVERSION = YES;
				GCC_WARN_ABOUT_RETURN_TYPE = YES_ERROR;
				GCC_WARN_UNDECLARED_SELECTOR = YES;
				GCC_WARN_UNINITIALIZED_AUTOS = YES_AGGRESSIVE;
				GCC_WARN_UNUSED_FUNCTION = YES;
				GCC_WARN_UNUSED_VARIABLE = YES;
				IPHONEOS_DEPLOYMENT_TARGET = 13.2;
				MTL_ENABLE_DEBUG_INFO = NO;
				MTL_FAST_MATH = YES;
				SDKROOT = iphoneos;
				SWIFT_COMPILATION_MODE = wholemodule;
				SWIFT_OPTIMIZATION_LEVEL = "-O";
				VALIDATE_PRODUCT = YES;
			};
			name = Release;
		};
		8303E520239AE7BC0066EEF7 /* Debug */ = {
			isa = XCBuildConfiguration;
			buildSettings = {
				ASSETCATALOG_COMPILER_APPICON_NAME = AppIcon;
				CODE_SIGN_STYLE = Automatic;
				DEVELOPMENT_ASSET_PATHS = "\"SwiftUI Modifiers/Preview Content\"";
				DEVELOPMENT_TEAM = RYRJQ978K4;
				ENABLE_PREVIEWS = YES;
				INFOPLIST_FILE = "SwiftUI Modifiers/Info.plist";
				LD_RUNPATH_SEARCH_PATHS = (
					"$(inherited)",
					"@executable_path/Frameworks",
				);
				PRODUCT_BUNDLE_IDENTIFIER = "com.codewithchris.SwiftUI-Modifiers";
				PRODUCT_NAME = "$(TARGET_NAME)";
				SWIFT_VERSION = 5.0;
				TARGETED_DEVICE_FAMILY = "1,2";
			};
			name = Debug;
		};
		8303E521239AE7BC0066EEF7 /* Release */ = {
			isa = XCBuildConfiguration;
			buildSettings = {
				ASSETCATALOG_COMPILER_APPICON_NAME = AppIcon;
				CODE_SIGN_STYLE = Automatic;
				DEVELOPMENT_ASSET_PATHS = "\"SwiftUI Modifiers/Preview Content\"";
				DEVELOPMENT_TEAM = RYRJQ978K4;
				ENABLE_PREVIEWS = YES;
				INFOPLIST_FILE = "SwiftUI Modifiers/Info.plist";
				LD_RUNPATH_SEARCH_PATHS = (
					"$(inherited)",
					"@executable_path/Frameworks",
				);
				PRODUCT_BUNDLE_IDENTIFIER = "com.codewithchris.SwiftUI-Modifiers";
				PRODUCT_NAME = "$(TARGET_NAME)";
				SWIFT_VERSION = 5.0;
				TARGETED_DEVICE_FAMILY = "1,2";
			};
			name = Release;
		};
/* End XCBuildConfiguration section */

/* Begin XCConfigurationList section */
		8303E506239AE7BA0066EEF7 /* Build configuration list for PBXProject "SwiftUI Modifiers" */ = {
			isa = XCConfigurationList;
			buildConfigurations = (
				8303E51D239AE7BC0066EEF7 /* Debug */,
				8303E51E239AE7BC0066EEF7 /* Release */,
			);
			defaultConfigurationIsVisible = 0;
			defaultConfigurationName = Release;
		};
		8303E51F239AE7BC0066EEF7 /* Build configuration list for PBXNativeTarget "SwiftUI Modifiers" */ = {
			isa = XCConfigurationList;
			buildConfigurations = (
				8303E520239AE7BC0066EEF7 /* Debug */,
				8303E521239AE7BC0066EEF7 /* Release */,
			);
			defaultConfigurationIsVisible = 0;
			defaultConfigurationName = Release;
		};
/* End XCConfigurationList section */
	};
	rootObject = 8303E503239AE7BA0066EEF7 /* Project object */;
}
